// !$*UTF8*$!
{
	archiveVersion = 1;
	classes = {
	};
	objectVersion = 55;
	objects = {

/* Begin PBXBuildFile section */
		9257932B275386B700FDC3DE /* EmojiArtApp.swift in Sources */ = {isa = PBXBuildFile; fileRef = 925792FF275386B600FDC3DE /* EmojiArtApp.swift */; };
		9257932C275386B700FDC3DE /* EmojiArtApp.swift in Sources */ = {isa = PBXBuildFile; fileRef = 925792FF275386B600FDC3DE /* EmojiArtApp.swift */; };
		9257932D275386B700FDC3DE /* EmojiArtDocument.swift in Sources */ = {isa = PBXBuildFile; fileRef = 92579300275386B600FDC3DE /* EmojiArtDocument.swift */; };
		9257932E275386B700FDC3DE /* EmojiArtDocument.swift in Sources */ = {isa = PBXBuildFile; fileRef = 92579300275386B600FDC3DE /* EmojiArtDocument.swift */; };
		92579331275386B700FDC3DE /* Assets.xcassets in Resources */ = {isa = PBXBuildFile; fileRef = 92579302275386B700FDC3DE /* Assets.xcassets */; };
		92579332275386B700FDC3DE /* Assets.xcassets in Resources */ = {isa = PBXBuildFile; fileRef = 92579302275386B700FDC3DE /* Assets.xcassets */; };
		9257936D27538E6C00FDC3DE /* EmojiArtModel.swift in Sources */ = {isa = PBXBuildFile; fileRef = 9257936227538E6C00FDC3DE /* EmojiArtModel.swift */; };
		9257936E27538E6C00FDC3DE /* EmojiArtModel.swift in Sources */ = {isa = PBXBuildFile; fileRef = 9257936227538E6C00FDC3DE /* EmojiArtModel.swift */; };
		9257936F27538E6C00FDC3DE /* Camera.swift in Sources */ = {isa = PBXBuildFile; fileRef = 9257936327538E6C00FDC3DE /* Camera.swift */; };
		9257937127538E6C00FDC3DE /* PaletteChooser.swift in Sources */ = {isa = PBXBuildFile; fileRef = 9257936427538E6C00FDC3DE /* PaletteChooser.swift */; };
		9257937227538E6C00FDC3DE /* PaletteChooser.swift in Sources */ = {isa = PBXBuildFile; fileRef = 9257936427538E6C00FDC3DE /* PaletteChooser.swift */; };
		9257937327538E6C00FDC3DE /* PhotoLibrary.swift in Sources */ = {isa = PBXBuildFile; fileRef = 9257936527538E6C00FDC3DE /* PhotoLibrary.swift */; };
		9257937527538E6C00FDC3DE /* UtilityExtensions.swift in Sources */ = {isa = PBXBuildFile; fileRef = 9257936627538E6C00FDC3DE /* UtilityExtensions.swift */; };
		9257937627538E6C00FDC3DE /* UtilityExtensions.swift in Sources */ = {isa = PBXBuildFile; fileRef = 9257936627538E6C00FDC3DE /* UtilityExtensions.swift */; };
		9257937727538E6C00FDC3DE /* UtilityViews.swift in Sources */ = {isa = PBXBuildFile; fileRef = 9257936727538E6C00FDC3DE /* UtilityViews.swift */; };
		9257937827538E6C00FDC3DE /* UtilityViews.swift in Sources */ = {isa = PBXBuildFile; fileRef = 9257936727538E6C00FDC3DE /* UtilityViews.swift */; };
		9257937927538E6C00FDC3DE /* EmojiArtModel.Background.swift in Sources */ = {isa = PBXBuildFile; fileRef = 9257936827538E6C00FDC3DE /* EmojiArtModel.Background.swift */; };
		9257937A27538E6C00FDC3DE /* EmojiArtModel.Background.swift in Sources */ = {isa = PBXBuildFile; fileRef = 9257936827538E6C00FDC3DE /* EmojiArtModel.Background.swift */; };
		9257937B27538E6C00FDC3DE /* PaletteManager.swift in Sources */ = {isa = PBXBuildFile; fileRef = 9257936927538E6C00FDC3DE /* PaletteManager.swift */; };
		9257937D27538E6C00FDC3DE /* EmojiArtDocumentView.swift in Sources */ = {isa = PBXBuildFile; fileRef = 9257936A27538E6C00FDC3DE /* EmojiArtDocumentView.swift */; };
		9257937E27538E6C00FDC3DE /* EmojiArtDocumentView.swift in Sources */ = {isa = PBXBuildFile; fileRef = 9257936A27538E6C00FDC3DE /* EmojiArtDocumentView.swift */; };
		9257937F27538E6C00FDC3DE /* PaletteStore.swift in Sources */ = {isa = PBXBuildFile; fileRef = 9257936B27538E6C00FDC3DE /* PaletteStore.swift */; };
		9257938027538E6C00FDC3DE /* PaletteStore.swift in Sources */ = {isa = PBXBuildFile; fileRef = 9257936B27538E6C00FDC3DE /* PaletteStore.swift */; };
		9257938127538E6C00FDC3DE /* PaletteEditor.swift in Sources */ = {isa = PBXBuildFile; fileRef = 9257936C27538E6C00FDC3DE /* PaletteEditor.swift */; };
		9257938227538E6C00FDC3DE /* PaletteEditor.swift in Sources */ = {isa = PBXBuildFile; fileRef = 9257936C27538E6C00FDC3DE /* PaletteEditor.swift */; };
		92579384275391C400FDC3DE /* macOS.swift in Sources */ = {isa = PBXBuildFile; fileRef = 92579383275391C400FDC3DE /* macOS.swift */; };
		925793862753EBBF00FDC3DE /* iOS.swift in Sources */ = {isa = PBXBuildFile; fileRef = 925793852753EBBF00FDC3DE /* iOS.swift */; };
/* End PBXBuildFile section */

/* Begin PBXContainerItemProxy section */
		92579318275386B700FDC3DE /* PBXContainerItemProxy */ = {
			isa = PBXContainerItemProxy;
			containerPortal = 925792FA275386B600FDC3DE /* Project object */;
			proxyType = 1;
			remoteGlobalIDString = 92579306275386B700FDC3DE;
			remoteInfo = "EmojiArt (iOS)";
		};
		92579324275386B700FDC3DE /* PBXContainerItemProxy */ = {
			isa = PBXContainerItemProxy;
			containerPortal = 925792FA275386B600FDC3DE /* Project object */;
			proxyType = 1;
			remoteGlobalIDString = 9257930E275386B700FDC3DE;
			remoteInfo = "EmojiArt (macOS)";
		};
/* End PBXContainerItemProxy section */

/* Begin PBXFileReference section */
		925792FF275386B600FDC3DE /* EmojiArtApp.swift */ = {isa = PBXFileReference; lastKnownFileType = sourcecode.swift; path = EmojiArtApp.swift; sourceTree = "<group>"; };
		92579300275386B600FDC3DE /* EmojiArtDocument.swift */ = {isa = PBXFileReference; lastKnownFileType = sourcecode.swift; path = EmojiArtDocument.swift; sourceTree = "<group>"; };
		92579302275386B700FDC3DE /* Assets.xcassets */ = {isa = PBXFileReference; lastKnownFileType = folder.assetcatalog; path = Assets.xcassets; sourceTree = "<group>"; };
		92579307275386B700FDC3DE /* EmojiArt.app */ = {isa = PBXFileReference; explicitFileType = wrapper.application; includeInIndex = 0; path = EmojiArt.app; sourceTree = BUILT_PRODUCTS_DIR; };
		9257930A275386B700FDC3DE /* Info.plist */ = {isa = PBXFileReference; lastKnownFileType = text.plist.xml; path = Info.plist; sourceTree = "<group>"; };
		9257930F275386B700FDC3DE /* EmojiArt.app */ = {isa = PBXFileReference; explicitFileType = wrapper.application; includeInIndex = 0; path = EmojiArt.app; sourceTree = BUILT_PRODUCTS_DIR; };
		92579311275386B700FDC3DE /* Info.plist */ = {isa = PBXFileReference; lastKnownFileType = text.plist.xml; path = Info.plist; sourceTree = "<group>"; };
		92579312275386B700FDC3DE /* macOS.entitlements */ = {isa = PBXFileReference; lastKnownFileType = text.plist.entitlements; path = macOS.entitlements; sourceTree = "<group>"; };
		92579317275386B700FDC3DE /* Tests iOS.xctest */ = {isa = PBXFileReference; explicitFileType = wrapper.cfbundle; includeInIndex = 0; path = "Tests iOS.xctest"; sourceTree = BUILT_PRODUCTS_DIR; };
		92579323275386B700FDC3DE /* Tests macOS.xctest */ = {isa = PBXFileReference; explicitFileType = wrapper.cfbundle; includeInIndex = 0; path = "Tests macOS.xctest"; sourceTree = BUILT_PRODUCTS_DIR; };
		9257936227538E6C00FDC3DE /* EmojiArtModel.swift */ = {isa = PBXFileReference; fileEncoding = 4; lastKnownFileType = sourcecode.swift; path = EmojiArtModel.swift; sourceTree = "<group>"; };
		9257936327538E6C00FDC3DE /* Camera.swift */ = {isa = PBXFileReference; fileEncoding = 4; lastKnownFileType = sourcecode.swift; path = Camera.swift; sourceTree = "<group>"; };
		9257936427538E6C00FDC3DE /* PaletteChooser.swift */ = {isa = PBXFileReference; fileEncoding = 4; lastKnownFileType = sourcecode.swift; path = PaletteChooser.swift; sourceTree = "<group>"; };
		9257936527538E6C00FDC3DE /* PhotoLibrary.swift */ = {isa = PBXFileReference; fileEncoding = 4; lastKnownFileType = sourcecode.swift; path = PhotoLibrary.swift; sourceTree = "<group>"; };
		9257936627538E6C00FDC3DE /* UtilityExtensions.swift */ = {isa = PBXFileReference; fileEncoding = 4; lastKnownFileType = sourcecode.swift; path = UtilityExtensions.swift; sourceTree = "<group>"; };
		9257936727538E6C00FDC3DE /* UtilityViews.swift */ = {isa = PBXFileReference; fileEncoding = 4; lastKnownFileType = sourcecode.swift; path = UtilityViews.swift; sourceTree = "<group>"; };
		9257936827538E6C00FDC3DE /* EmojiArtModel.Background.swift */ = {isa = PBXFileReference; fileEncoding = 4; lastKnownFileType = sourcecode.swift; path = EmojiArtModel.Background.swift; sourceTree = "<group>"; };
		9257936927538E6C00FDC3DE /* PaletteManager.swift */ = {isa = PBXFileReference; fileEncoding = 4; lastKnownFileType = sourcecode.swift; path = PaletteManager.swift; sourceTree = "<group>"; };
		9257936A27538E6C00FDC3DE /* EmojiArtDocumentView.swift */ = {isa = PBXFileReference; fileEncoding = 4; lastKnownFileType = sourcecode.swift; path = EmojiArtDocumentView.swift; sourceTree = "<group>"; };
		9257936B27538E6C00FDC3DE /* PaletteStore.swift */ = {isa = PBXFileReference; fileEncoding = 4; lastKnownFileType = sourcecode.swift; path = PaletteStore.swift; sourceTree = "<group>"; };
		9257936C27538E6C00FDC3DE /* PaletteEditor.swift */ = {isa = PBXFileReference; fileEncoding = 4; lastKnownFileType = sourcecode.swift; path = PaletteEditor.swift; sourceTree = "<group>"; };
		92579383275391C400FDC3DE /* macOS.swift */ = {isa = PBXFileReference; lastKnownFileType = sourcecode.swift; path = macOS.swift; sourceTree = "<group>"; };
		925793852753EBBF00FDC3DE /* iOS.swift */ = {isa = PBXFileReference; lastKnownFileType = sourcecode.swift; path = iOS.swift; sourceTree = "<group>"; };
/* End PBXFileReference section */

/* Begin PBXFrameworksBuildPhase section */
		92579304275386B700FDC3DE /* Frameworks */ = {
			isa = PBXFrameworksBuildPhase;
			buildActionMask = 2147483647;
			files = (
			);
			runOnlyForDeploymentPostprocessing = 0;
		};
		9257930C275386B700FDC3DE /* Frameworks */ = {
			isa = PBXFrameworksBuildPhase;
			buildActionMask = 2147483647;
			files = (
			);
			runOnlyForDeploymentPostprocessing = 0;
		};
		92579314275386B700FDC3DE /* Frameworks */ = {
			isa = PBXFrameworksBuildPhase;
			buildActionMask = 2147483647;
			files = (
			);
			runOnlyForDeploymentPostprocessing = 0;
		};
		92579320275386B700FDC3DE /* Frameworks */ = {
			isa = PBXFrameworksBuildPhase;
			buildActionMask = 2147483647;
			files = (
			);
			runOnlyForDeploymentPostprocessing = 0;
		};
/* End PBXFrameworksBuildPhase section */

/* Begin PBXGroup section */
		925792F9275386B600FDC3DE = {
			isa = PBXGroup;
			children = (
				925792FE275386B600FDC3DE /* Shared */,
				92579309275386B700FDC3DE /* iOS */,
				92579310275386B700FDC3DE /* macOS */,
				92579308275386B700FDC3DE /* Products */,
			);
			sourceTree = "<group>";
		};
		925792FE275386B600FDC3DE /* Shared */ = {
			isa = PBXGroup;
			children = (
				9257936A27538E6C00FDC3DE /* EmojiArtDocumentView.swift */,
				9257936827538E6C00FDC3DE /* EmojiArtModel.Background.swift */,
				9257936227538E6C00FDC3DE /* EmojiArtModel.swift */,
				9257936427538E6C00FDC3DE /* PaletteChooser.swift */,
				9257936C27538E6C00FDC3DE /* PaletteEditor.swift */,
				9257936B27538E6C00FDC3DE /* PaletteStore.swift */,
				9257936627538E6C00FDC3DE /* UtilityExtensions.swift */,
				9257936727538E6C00FDC3DE /* UtilityViews.swift */,
				925792FF275386B600FDC3DE /* EmojiArtApp.swift */,
				92579300275386B600FDC3DE /* EmojiArtDocument.swift */,
				92579302275386B700FDC3DE /* Assets.xcassets */,
			);
			path = Shared;
			sourceTree = "<group>";
		};
		92579308275386B700FDC3DE /* Products */ = {
			isa = PBXGroup;
			children = (
				92579307275386B700FDC3DE /* EmojiArt.app */,
				9257930F275386B700FDC3DE /* EmojiArt.app */,
				92579317275386B700FDC3DE /* Tests iOS.xctest */,
				92579323275386B700FDC3DE /* Tests macOS.xctest */,
			);
			name = Products;
			sourceTree = "<group>";
		};
		92579309275386B700FDC3DE /* iOS */ = {
			isa = PBXGroup;
			children = (
				9257936927538E6C00FDC3DE /* PaletteManager.swift */,
				9257936527538E6C00FDC3DE /* PhotoLibrary.swift */,
				9257936327538E6C00FDC3DE /* Camera.swift */,
				9257930A275386B700FDC3DE /* Info.plist */,
				925793852753EBBF00FDC3DE /* iOS.swift */,
			);
			path = iOS;
			sourceTree = "<group>";
		};
		92579310275386B700FDC3DE /* macOS */ = {
			isa = PBXGroup;
			children = (
				92579311275386B700FDC3DE /* Info.plist */,
				92579312275386B700FDC3DE /* macOS.entitlements */,
				92579383275391C400FDC3DE /* macOS.swift */,
			);
			path = macOS;
			sourceTree = "<group>";
		};
/* End PBXGroup section */

/* Begin PBXNativeTarget section */
		92579306275386B700FDC3DE /* EmojiArt (iOS) */ = {
			isa = PBXNativeTarget;
			buildConfigurationList = 92579335275386B700FDC3DE /* Build configuration list for PBXNativeTarget "EmojiArt (iOS)" */;
			buildPhases = (
				92579303275386B700FDC3DE /* Sources */,
				92579304275386B700FDC3DE /* Frameworks */,
				92579305275386B700FDC3DE /* Resources */,
			);
			buildRules = (
			);
			dependencies = (
			);
			name = "EmojiArt (iOS)";
			productName = "EmojiArt (iOS)";
			productReference = 92579307275386B700FDC3DE /* EmojiArt.app */;
			productType = "com.apple.product-type.application";
		};
		9257930E275386B700FDC3DE /* EmojiArt (macOS) */ = {
			isa = PBXNativeTarget;
			buildConfigurationList = 92579338275386B700FDC3DE /* Build configuration list for PBXNativeTarget "EmojiArt (macOS)" */;
			buildPhases = (
				9257930B275386B700FDC3DE /* Sources */,
				9257930C275386B700FDC3DE /* Frameworks */,
				9257930D275386B700FDC3DE /* Resources */,
			);
			buildRules = (
			);
			dependencies = (
			);
			name = "EmojiArt (macOS)";
			productName = "EmojiArt (macOS)";
			productReference = 9257930F275386B700FDC3DE /* EmojiArt.app */;
			productType = "com.apple.product-type.application";
		};
		92579316275386B700FDC3DE /* Tests iOS */ = {
			isa = PBXNativeTarget;
			buildConfigurationList = 9257933B275386B700FDC3DE /* Build configuration list for PBXNativeTarget "Tests iOS" */;
			buildPhases = (
				92579313275386B700FDC3DE /* Sources */,
				92579314275386B700FDC3DE /* Frameworks */,
				92579315275386B700FDC3DE /* Resources */,
			);
			buildRules = (
			);
			dependencies = (
				92579319275386B700FDC3DE /* PBXTargetDependency */,
			);
			name = "Tests iOS";
			productName = "Tests iOS";
			productReference = 92579317275386B700FDC3DE /* Tests iOS.xctest */;
			productType = "com.apple.product-type.bundle.ui-testing";
		};
		92579322275386B700FDC3DE /* Tests macOS */ = {
			isa = PBXNativeTarget;
			buildConfigurationList = 9257933E275386B700FDC3DE /* Build configuration list for PBXNativeTarget "Tests macOS" */;
			buildPhases = (
				9257931F275386B700FDC3DE /* Sources */,
				92579320275386B700FDC3DE /* Frameworks */,
				92579321275386B700FDC3DE /* Resources */,
			);
			buildRules = (
			);
			dependencies = (
				92579325275386B700FDC3DE /* PBXTargetDependency */,
			);
			name = "Tests macOS";
			productName = "Tests macOS";
			productReference = 92579323275386B700FDC3DE /* Tests macOS.xctest */;
			productType = "com.apple.product-type.bundle.ui-testing";
		};
/* End PBXNativeTarget section */

/* Begin PBXProject section */
		925792FA275386B600FDC3DE /* Project object */ = {
			isa = PBXProject;
			attributes = {
				BuildIndependentTargetsInParallel = 1;
				LastSwiftUpdateCheck = 1310;
				LastUpgradeCheck = 1310;
				TargetAttributes = {
					92579306275386B700FDC3DE = {
						CreatedOnToolsVersion = 13.1;
					};
					9257930E275386B700FDC3DE = {
						CreatedOnToolsVersion = 13.1;
					};
					92579316275386B700FDC3DE = {
						CreatedOnToolsVersion = 13.1;
						TestTargetID = 92579306275386B700FDC3DE;
					};
					92579322275386B700FDC3DE = {
						CreatedOnToolsVersion = 13.1;
						TestTargetID = 9257930E275386B700FDC3DE;
					};
				};
			};
			buildConfigurationList = 925792FD275386B600FDC3DE /* Build configuration list for PBXProject "EmojiArt" */;
			compatibilityVersion = "Xcode 13.0";
			developmentRegion = en;
			hasScannedForEncodings = 0;
			knownRegions = (
				en,
				Base,
			);
			mainGroup = 925792F9275386B600FDC3DE;
			productRefGroup = 92579308275386B700FDC3DE /* Products */;
			projectDirPath = "";
			projectRoot = "";
			targets = (
				92579306275386B700FDC3DE /* EmojiArt (iOS) */,
				9257930E275386B700FDC3DE /* EmojiArt (macOS) */,
				92579316275386B700FDC3DE /* Tests iOS */,
				92579322275386B700FDC3DE /* Tests macOS */,
			);
		};
/* End PBXProject section */

/* Begin PBXResourcesBuildPhase section */
		92579305275386B700FDC3DE /* Resources */ = {
			isa = PBXResourcesBuildPhase;
			buildActionMask = 2147483647;
			files = (
				92579331275386B700FDC3DE /* Assets.xcassets in Resources */,
			);
			runOnlyForDeploymentPostprocessing = 0;
		};
		9257930D275386B700FDC3DE /* Resources */ = {
			isa = PBXResourcesBuildPhase;
			buildActionMask = 2147483647;
			files = (
				92579332275386B700FDC3DE /* Assets.xcassets in Resources */,
			);
			runOnlyForDeploymentPostprocessing = 0;
		};
		92579315275386B700FDC3DE /* Resources */ = {
			isa = PBXResourcesBuildPhase;
			buildActionMask = 2147483647;
			files = (
			);
			runOnlyForDeploymentPostprocessing = 0;
		};
		92579321275386B700FDC3DE /* Resources */ = {
			isa = PBXResourcesBuildPhase;
			buildActionMask = 2147483647;
			files = (
			);
			runOnlyForDeploymentPostprocessing = 0;
		};
/* End PBXResourcesBuildPhase section */

/* Begin PBXSourcesBuildPhase section */
		92579303275386B700FDC3DE /* Sources */ = {
			isa = PBXSourcesBuildPhase;
			buildActionMask = 2147483647;
			files = (
				9257936F27538E6C00FDC3DE /* Camera.swift in Sources */,
				9257937F27538E6C00FDC3DE /* PaletteStore.swift in Sources */,
				9257937927538E6C00FDC3DE /* EmojiArtModel.Background.swift in Sources */,
				9257932B275386B700FDC3DE /* EmojiArtApp.swift in Sources */,
				9257937B27538E6C00FDC3DE /* PaletteManager.swift in Sources */,
				9257932D275386B700FDC3DE /* EmojiArtDocument.swift in Sources */,
				9257937527538E6C00FDC3DE /* UtilityExtensions.swift in Sources */,
				925793862753EBBF00FDC3DE /* iOS.swift in Sources */,
				9257936D27538E6C00FDC3DE /* EmojiArtModel.swift in Sources */,
				9257937D27538E6C00FDC3DE /* EmojiArtDocumentView.swift in Sources */,
				9257937327538E6C00FDC3DE /* PhotoLibrary.swift in Sources */,
				9257937127538E6C00FDC3DE /* PaletteChooser.swift in Sources */,
				9257938127538E6C00FDC3DE /* PaletteEditor.swift in Sources */,
				9257937727538E6C00FDC3DE /* UtilityViews.swift in Sources */,
			);
			runOnlyForDeploymentPostprocessing = 0;
		};
		9257930B275386B700FDC3DE /* Sources */ = {
			isa = PBXSourcesBuildPhase;
			buildActionMask = 2147483647;
			files = (
				9257938027538E6C00FDC3DE /* PaletteStore.swift in Sources */,
				9257937A27538E6C00FDC3DE /* EmojiArtModel.Background.swift in Sources */,
				9257932C275386B700FDC3DE /* EmojiArtApp.swift in Sources */,
				9257932E275386B700FDC3DE /* EmojiArtDocument.swift in Sources */,
				9257937627538E6C00FDC3DE /* UtilityExtensions.swift in Sources */,
				9257936E27538E6C00FDC3DE /* EmojiArtModel.swift in Sources */,
				9257937E27538E6C00FDC3DE /* EmojiArtDocumentView.swift in Sources */,
				9257937227538E6C00FDC3DE /* PaletteChooser.swift in Sources */,
				9257938227538E6C00FDC3DE /* PaletteEditor.swift in Sources */,
				9257937827538E6C00FDC3DE /* UtilityViews.swift in Sources */,
				92579384275391C400FDC3DE /* macOS.swift in Sources */,
			);
			runOnlyForDeploymentPostprocessing = 0;
		};
		92579313275386B700FDC3DE /* Sources */ = {
			isa = PBXSourcesBuildPhase;
			buildActionMask = 2147483647;
			files = (
			);
			runOnlyForDeploymentPostprocessing = 0;
		};
		9257931F275386B700FDC3DE /* Sources */ = {
			isa = PBXSourcesBuildPhase;
			buildActionMask = 2147483647;
			files = (
			);
			runOnlyForDeploymentPostprocessing = 0;
		};
/* End PBXSourcesBuildPhase section */

/* Begin PBXTargetDependency section */
		92579319275386B700FDC3DE /* PBXTargetDependency */ = {
			isa = PBXTargetDependency;
			target = 92579306275386B700FDC3DE /* EmojiArt (iOS) */;
			targetProxy = 92579318275386B700FDC3DE /* PBXContainerItemProxy */;
		};
		92579325275386B700FDC3DE /* PBXTargetDependency */ = {
			isa = PBXTargetDependency;
			target = 9257930E275386B700FDC3DE /* EmojiArt (macOS) */;
			targetProxy = 92579324275386B700FDC3DE /* PBXContainerItemProxy */;
		};
/* End PBXTargetDependency section */

/* Begin XCBuildConfiguration section */
		92579333275386B700FDC3DE /* Debug */ = {
			isa = XCBuildConfiguration;
			buildSettings = {
				ALWAYS_SEARCH_USER_PATHS = NO;
				CLANG_ANALYZER_NONNULL = YES;
				CLANG_ANALYZER_NUMBER_OBJECT_CONVERSION = YES_AGGRESSIVE;
				CLANG_CXX_LANGUAGE_STANDARD = "gnu++17";
				CLANG_CXX_LIBRARY = "libc++";
				CLANG_ENABLE_MODULES = YES;
				CLANG_ENABLE_OBJC_ARC = YES;
				CLANG_ENABLE_OBJC_WEAK = YES;
				CLANG_WARN_BLOCK_CAPTURE_AUTORELEASING = YES;
				CLANG_WARN_BOOL_CONVERSION = YES;
				CLANG_WARN_COMMA = YES;
				CLANG_WARN_CONSTANT_CONVERSION = YES;
				CLANG_WARN_DEPRECATED_OBJC_IMPLEMENTATIONS = YES;
				CLANG_WARN_DIRECT_OBJC_ISA_USAGE = YES_ERROR;
				CLANG_WARN_DOCUMENTATION_COMMENTS = YES;
				CLANG_WARN_EMPTY_BODY = YES;
				CLANG_WARN_ENUM_CONVERSION = YES;
				CLANG_WARN_INFINITE_RECURSION = YES;
				CLANG_WARN_INT_CONVERSION = YES;
				CLANG_WARN_NON_LITERAL_NULL_CONVERSION = YES;
				CLANG_WARN_OBJC_IMPLICIT_RETAIN_SELF = YES;
				CLANG_WARN_OBJC_LITERAL_CONVERSION = YES;
				CLANG_WARN_OBJC_ROOT_CLASS = YES_ERROR;
				CLANG_WARN_QUOTED_INCLUDE_IN_FRAMEWORK_HEADER = YES;
				CLANG_WARN_RANGE_LOOP_ANALYSIS = YES;
				CLANG_WARN_STRICT_PROTOTYPES = YES;
				CLANG_WARN_SUSPICIOUS_MOVE = YES;
				CLANG_WARN_UNGUARDED_AVAILABILITY = YES_AGGRESSIVE;
				CLANG_WARN_UNREACHABLE_CODE = YES;
				CLANG_WARN__DUPLICATE_METHOD_MATCH = YES;
				COPY_PHASE_STRIP = NO;
				DEBUG_INFORMATION_FORMAT = dwarf;
				ENABLE_STRICT_OBJC_MSGSEND = YES;
				ENABLE_TESTABILITY = YES;
				GCC_C_LANGUAGE_STANDARD = gnu11;
				GCC_DYNAMIC_NO_PIC = NO;
				GCC_NO_COMMON_BLOCKS = YES;
				GCC_OPTIMIZATION_LEVEL = 0;
				GCC_PREPROCESSOR_DEFINITIONS = (
					"DEBUG=1",
					"$(inherited)",
				);
				GCC_WARN_64_TO_32_BIT_CONVERSION = YES;
				GCC_WARN_ABOUT_RETURN_TYPE = YES_ERROR;
				GCC_WARN_UNDECLARED_SELECTOR = YES;
				GCC_WARN_UNINITIALIZED_AUTOS = YES_AGGRESSIVE;
				GCC_WARN_UNUSED_FUNCTION = YES;
				GCC_WARN_UNUSED_VARIABLE = YES;
				MTL_ENABLE_DEBUG_INFO = INCLUDE_SOURCE;
				MTL_FAST_MATH = YES;
				ONLY_ACTIVE_ARCH = YES;
				SWIFT_ACTIVE_COMPILATION_CONDITIONS = DEBUG;
				SWIFT_OPTIMIZATION_LEVEL = "-Onone";
			};
			name = Debug;
		};
		92579334275386B700FDC3DE /* Release */ = {
			isa = XCBuildConfiguration;
			buildSettings = {
				ALWAYS_SEARCH_USER_PATHS = NO;
				CLANG_ANALYZER_NONNULL = YES;
				CLANG_ANALYZER_NUMBER_OBJECT_CONVERSION = YES_AGGRESSIVE;
				CLANG_CXX_LANGUAGE_STANDARD = "gnu++17";
				CLANG_CXX_LIBRARY = "libc++";
				CLANG_ENABLE_MODULES = YES;
				CLANG_ENABLE_OBJC_ARC = YES;
				CLANG_ENABLE_OBJC_WEAK = YES;
				CLANG_WARN_BLOCK_CAPTURE_AUTORELEASING = YES;
				CLANG_WARN_BOOL_CONVERSION = YES;
				CLANG_WARN_COMMA = YES;
				CLANG_WARN_CONSTANT_CONVERSION = YES;
				CLANG_WARN_DEPRECATED_OBJC_IMPLEMENTATIONS = YES;
				CLANG_WARN_DIRECT_OBJC_ISA_USAGE = YES_ERROR;
				CLANG_WARN_DOCUMENTATION_COMMENTS = YES;
				CLANG_WARN_EMPTY_BODY = YES;
				CLANG_WARN_ENUM_CONVERSION = YES;
				CLANG_WARN_INFINITE_RECURSION = YES;
				CLANG_WARN_INT_CONVERSION = YES;
				CLANG_WARN_NON_LITERAL_NULL_CONVERSION = YES;
				CLANG_WARN_OBJC_IMPLICIT_RETAIN_SELF = YES;
				CLANG_WARN_OBJC_LITERAL_CONVERSION = YES;
				CLANG_WARN_OBJC_ROOT_CLASS = YES_ERROR;
				CLANG_WARN_QUOTED_INCLUDE_IN_FRAMEWORK_HEADER = YES;
				CLANG_WARN_RANGE_LOOP_ANALYSIS = YES;
				CLANG_WARN_STRICT_PROTOTYPES = YES;
				CLANG_WARN_SUSPICIOUS_MOVE = YES;
				CLANG_WARN_UNGUARDED_AVAILABILITY = YES_AGGRESSIVE;
				CLANG_WARN_UNREACHABLE_CODE = YES;
				CLANG_WARN__DUPLICATE_METHOD_MATCH = YES;
				COPY_PHASE_STRIP = NO;
				DEBUG_INFORMATION_FORMAT = "dwarf-with-dsym";
				ENABLE_NS_ASSERTIONS = NO;
				ENABLE_STRICT_OBJC_MSGSEND = YES;
				GCC_C_LANGUAGE_STANDARD = gnu11;
				GCC_NO_COMMON_BLOCKS = YES;
				GCC_WARN_64_TO_32_BIT_CONVERSION = YES;
				GCC_WARN_ABOUT_RETURN_TYPE = YES_ERROR;
				GCC_WARN_UNDECLARED_SELECTOR = YES;
				GCC_WARN_UNINITIALIZED_AUTOS = YES_AGGRESSIVE;
				GCC_WARN_UNUSED_FUNCTION = YES;
				GCC_WARN_UNUSED_VARIABLE = YES;
				MTL_ENABLE_DEBUG_INFO = NO;
				MTL_FAST_MATH = YES;
				SWIFT_COMPILATION_MODE = wholemodule;
				SWIFT_OPTIMIZATION_LEVEL = "-O";
			};
			name = Release;
		};
		92579336275386B700FDC3DE /* Debug */ = {
			isa = XCBuildConfiguration;
			buildSettings = {
				ASSETCATALOG_COMPILER_APPICON_NAME = AppIcon;
				ASSETCATALOG_COMPILER_GLOBAL_ACCENT_COLOR_NAME = AccentColor;
				CODE_SIGN_STYLE = Automatic;
				CURRENT_PROJECT_VERSION = 1;
				DEVELOPMENT_TEAM = TT84A98NT3;
				ENABLE_PREVIEWS = YES;
				GENERATE_INFOPLIST_FILE = YES;
				INFOPLIST_FILE = iOS/Info.plist;
				INFOPLIST_KEY_LSSupportsOpeningDocumentsInPlace = YES;
				INFOPLIST_KEY_UIApplicationSceneManifest_Generation = YES;
				INFOPLIST_KEY_UIApplicationSupportsIndirectInputEvents = YES;
				INFOPLIST_KEY_UILaunchScreen_Generation = YES;
				INFOPLIST_KEY_UISupportedInterfaceOrientations_iPad = "UIInterfaceOrientationPortrait UIInterfaceOrientationPortraitUpsideDown UIInterfaceOrientationLandscapeLeft UIInterfaceOrientationLandscapeRight";
				INFOPLIST_KEY_UISupportedInterfaceOrientations_iPhone = "UIInterfaceOrientationPortrait UIInterfaceOrientationLandscapeLeft UIInterfaceOrientationLandscapeRight";
				INFOPLIST_KEY_UISupportsDocumentBrowser = YES;
				IPHONEOS_DEPLOYMENT_TARGET = 15.0;
				LD_RUNPATH_SEARCH_PATHS = (
					"$(inherited)",
					"@executable_path/Frameworks",
				);
				MARKETING_VERSION = 1.0;
				PRODUCT_BUNDLE_IDENTIFIER = app.idealland.EmojiArt;
				PRODUCT_NAME = EmojiArt;
				SDKROOT = iphoneos;
				SWIFT_EMIT_LOC_STRINGS = YES;
				SWIFT_VERSION = 5.0;
				TARGETED_DEVICE_FAMILY = "1,2";
			};
			name = Debug;
		};
		92579337275386B700FDC3DE /* Release */ = {
			isa = XCBuildConfiguration;
			buildSettings = {
				ASSETCATALOG_COMPILER_APPICON_NAME = AppIcon;
				ASSETCATALOG_COMPILER_GLOBAL_ACCENT_COLOR_NAME = AccentColor;
				CODE_SIGN_STYLE = Automatic;
				CURRENT_PROJECT_VERSION = 1;
				DEVELOPMENT_TEAM = TT84A98NT3;
				ENABLE_PREVIEWS = YES;
				GENERATE_INFOPLIST_FILE = YES;
				INFOPLIST_FILE = iOS/Info.plist;
				INFOPLIST_KEY_LSSupportsOpeningDocumentsInPlace = YES;
				INFOPLIST_KEY_UIApplicationSceneManifest_Generation = YES;
				INFOPLIST_KEY_UIApplicationSupportsIndirectInputEvents = YES;
				INFOPLIST_KEY_UILaunchScreen_Generation = YES;
				INFOPLIST_KEY_UISupportedInterfaceOrientations_iPad = "UIInterfaceOrientationPortrait UIInterfaceOrientationPortraitUpsideDown UIInterfaceOrientationLandscapeLeft UIInterfaceOrientationLandscapeRight";
				INFOPLIST_KEY_UISupportedInterfaceOrientations_iPhone = "UIInterfaceOrientationPortrait UIInterfaceOrientationLandscapeLeft UIInterfaceOrientationLandscapeRight";
				INFOPLIST_KEY_UISupportsDocumentBrowser = YES;
				IPHONEOS_DEPLOYMENT_TARGET = 15.0;
				LD_RUNPATH_SEARCH_PATHS = (
					"$(inherited)",
					"@executable_path/Frameworks",
				);
				MARKETING_VERSION = 1.0;
				PRODUCT_BUNDLE_IDENTIFIER = app.idealland.EmojiArt;
				PRODUCT_NAME = EmojiArt;
				SDKROOT = iphoneos;
				SWIFT_EMIT_LOC_STRINGS = YES;
				SWIFT_VERSION = 5.0;
				TARGETED_DEVICE_FAMILY = "1,2";
				VALIDATE_PRODUCT = YES;
			};
			name = Release;
		};
		92579339275386B700FDC3DE /* Debug */ = {
			isa = XCBuildConfiguration;
			buildSettings = {
				ASSETCATALOG_COMPILER_APPICON_NAME = AppIcon;
				ASSETCATALOG_COMPILER_GLOBAL_ACCENT_COLOR_NAME = AccentColor;
				CODE_SIGN_ENTITLEMENTS = macOS/macOS.entitlements;
				CODE_SIGN_STYLE = Automatic;
				COMBINE_HIDPI_IMAGES = YES;
				CURRENT_PROJECT_VERSION = 1;
				DEVELOPMENT_TEAM = TT84A98NT3;
				ENABLE_HARDENED_RUNTIME = YES;
				ENABLE_PREVIEWS = YES;
				GENERATE_INFOPLIST_FILE = YES;
				INFOPLIST_FILE = macOS/Info.plist;
				INFOPLIST_KEY_NSHumanReadableCopyright = "";
				LD_RUNPATH_SEARCH_PATHS = (
					"$(inherited)",
					"@executable_path/../Frameworks",
				);
				MACOSX_DEPLOYMENT_TARGET = 12.0;
				MARKETING_VERSION = 1.0;
				PRODUCT_BUNDLE_IDENTIFIER = app.idealland.EmojiArt;
				PRODUCT_NAME = EmojiArt;
				SDKROOT = macosx;
				SWIFT_EMIT_LOC_STRINGS = YES;
				SWIFT_VERSION = 5.0;
			};
			name = Debug;
		};
		9257933A275386B700FDC3DE /* Release */ = {
			isa = XCBuildConfiguration;
			buildSettings = {
				ASSETCATALOG_COMPILER_APPICON_NAME = AppIcon;
				ASSETCATALOG_COMPILER_GLOBAL_ACCENT_COLOR_NAME = AccentColor;
				CODE_SIGN_ENTITLEMENTS = macOS/macOS.entitlements;
				CODE_SIGN_STYLE = Automatic;
				COMBINE_HIDPI_IMAGES = YES;
				CURRENT_PROJECT_VERSION = 1;
				DEVELOPMENT_TEAM = TT84A98NT3;
				ENABLE_HARDENED_RUNTIME = YES;
				ENABLE_PREVIEWS = YES;
				GENERATE_INFOPLIST_FILE = YES;
				INFOPLIST_FILE = macOS/Info.plist;
				INFOPLIST_KEY_NSHumanReadableCopyright = "";
				LD_RUNPATH_SEARCH_PATHS = (
					"$(inherited)",
					"@executable_path/../Frameworks",
				);
				MACOSX_DEPLOYMENT_TARGET = 12.0;
				MARKETING_VERSION = 1.0;
				PRODUCT_BUNDLE_IDENTIFIER = app.idealland.EmojiArt;
				PRODUCT_NAME = EmojiArt;
				SDKROOT = macosx;
				SWIFT_EMIT_LOC_STRINGS = YES;
				SWIFT_VERSION = 5.0;
			};
			name = Release;
		};
		9257933C275386B700FDC3DE /* Debug */ = {
			isa = XCBuildConfiguration;
			buildSettings = {
				ALWAYS_EMBED_SWIFT_STANDARD_LIBRARIES = YES;
				CODE_SIGN_STYLE = Automatic;
				CURRENT_PROJECT_VERSION = 1;
				DEVELOPMENT_TEAM = TT84A98NT3;
				GENERATE_INFOPLIST_FILE = YES;
				IPHONEOS_DEPLOYMENT_TARGET = 15.0;
				LD_RUNPATH_SEARCH_PATHS = (
					"$(inherited)",
					"@executable_path/Frameworks",
					"@loader_path/Frameworks",
				);
				MARKETING_VERSION = 1.0;
				PRODUCT_BUNDLE_IDENTIFIER = "app.idealland.Tests-iOS";
				PRODUCT_NAME = "$(TARGET_NAME)";
				SDKROOT = iphoneos;
				SWIFT_EMIT_LOC_STRINGS = NO;
				SWIFT_VERSION = 5.0;
				TARGETED_DEVICE_FAMILY = "1,2";
				TEST_TARGET_NAME = "EmojiArt (iOS)";
			};
			name = Debug;
		};
		9257933D275386B700FDC3DE /* Release */ = {
			isa = XCBuildConfiguration;
			buildSettings = {
				ALWAYS_EMBED_SWIFT_STANDARD_LIBRARIES = YES;
				CODE_SIGN_STYLE = Automatic;
				CURRENT_PROJECT_VERSION = 1;
				DEVELOPMENT_TEAM = TT84A98NT3;
				GENERATE_INFOPLIST_FILE = YES;
				IPHONEOS_DEPLOYMENT_TARGET = 15.0;
				LD_RUNPATH_SEARCH_PATHS = (
					"$(inherited)",
					"@executable_path/Frameworks",
					"@loader_path/Frameworks",
				);
				MARKETING_VERSION = 1.0;
				PRODUCT_BUNDLE_IDENTIFIER = "app.idealland.Tests-iOS";
				PRODUCT_NAME = "$(TARGET_NAME)";
				SDKROOT = iphoneos;
				SWIFT_EMIT_LOC_STRINGS = NO;
				SWIFT_VERSION = 5.0;
				TARGETED_DEVICE_FAMILY = "1,2";
				TEST_TARGET_NAME = "EmojiArt (iOS)";
				VALIDATE_PRODUCT = YES;
			};
			name = Release;
		};
		9257933F275386B700FDC3DE /* Debug */ = {
			isa = XCBuildConfiguration;
			buildSettings = {
				ALWAYS_EMBED_SWIFT_STANDARD_LIBRARIES = YES;
				CODE_SIGN_STYLE = Automatic;
				COMBINE_HIDPI_IMAGES = YES;
				CURRENT_PROJECT_VERSION = 1;
				DEVELOPMENT_TEAM = TT84A98NT3;
				GENERATE_INFOPLIST_FILE = YES;
				LD_RUNPATH_SEARCH_PATHS = (
					"$(inherited)",
					"@executable_path/../Frameworks",
					"@loader_path/../Frameworks",
				);
				MACOSX_DEPLOYMENT_TARGET = 12.0;
				MARKETING_VERSION = 1.0;
				PRODUCT_BUNDLE_IDENTIFIER = "app.idealland.Tests-macOS";
				PRODUCT_NAME = "$(TARGET_NAME)";
				SDKROOT = macosx;
				SWIFT_EMIT_LOC_STRINGS = NO;
				SWIFT_VERSION = 5.0;
				TEST_TARGET_NAME = "EmojiArt (macOS)";
			};
			name = Debug;
		};
		92579340275386B700FDC3DE /* Release */ = {
			isa = XCBuildConfiguration;
			buildSettings = {
				ALWAYS_EMBED_SWIFT_STANDARD_LIBRARIES = YES;
				CODE_SIGN_STYLE = Automatic;
				COMBINE_HIDPI_IMAGES = YES;
				CURRENT_PROJECT_VERSION = 1;
				DEVELOPMENT_TEAM = TT84A98NT3;
				GENERATE_INFOPLIST_FILE = YES;
				LD_RUNPATH_SEARCH_PATHS = (
					"$(inherited)",
					"@executable_path/../Frameworks",
					"@loader_path/../Frameworks",
				);
				MACOSX_DEPLOYMENT_TARGET = 12.0;
				MARKETING_VERSION = 1.0;
				PRODUCT_BUNDLE_IDENTIFIER = "app.idealland.Tests-macOS";
				PRODUCT_NAME = "$(TARGET_NAME)";
				SDKROOT = macosx;
				SWIFT_EMIT_LOC_STRINGS = NO;
				SWIFT_VERSION = 5.0;
				TEST_TARGET_NAME = "EmojiArt (macOS)";
			};
			name = Release;
		};
/* End XCBuildConfiguration section */

/* Begin XCConfigurationList section */
		925792FD275386B600FDC3DE /* Build configuration list for PBXProject "EmojiArt" */ = {
			isa = XCConfigurationList;
			buildConfigurations = (
				92579333275386B700FDC3DE /* Debug */,
				92579334275386B700FDC3DE /* Release */,
			);
			defaultConfigurationIsVisible = 0;
			defaultConfigurationName = Release;
		};
		92579335275386B700FDC3DE /* Build configuration list for PBXNativeTarget "EmojiArt (iOS)" */ = {
			isa = XCConfigurationList;
			buildConfigurations = (
				92579336275386B700FDC3DE /* Debug */,
				92579337275386B700FDC3DE /* Release */,
			);
			defaultConfigurationIsVisible = 0;
			defaultConfigurationName = Release;
		};
		92579338275386B700FDC3DE /* Build configuration list for PBXNativeTarget "EmojiArt (macOS)" */ = {
			isa = XCConfigurationList;
			buildConfigurations = (
				92579339275386B700FDC3DE /* Debug */,
				9257933A275386B700FDC3DE /* Release */,
			);
			defaultConfigurationIsVisible = 0;
			defaultConfigurationName = Release;
		};
		9257933B275386B700FDC3DE /* Build configuration list for PBXNativeTarget "Tests iOS" */ = {
			isa = XCConfigurationList;
			buildConfigurations = (
				9257933C275386B700FDC3DE /* Debug */,
				9257933D275386B700FDC3DE /* Release */,
			);
			defaultConfigurationIsVisible = 0;
			defaultConfigurationName = Release;
		};
		9257933E275386B700FDC3DE /* Build configuration list for PBXNativeTarget "Tests macOS" */ = {
			isa = XCConfigurationList;
			buildConfigurations = (
				9257933F275386B700FDC3DE /* Debug */,
				92579340275386B700FDC3DE /* Release */,
			);
			defaultConfigurationIsVisible = 0;
			defaultConfigurationName = Release;
		};
/* End XCConfigurationList section */
	};
	rootObject = 925792FA275386B600FDC3DE /* Project object */;
}
